GEM
  remote: https://rubygems.org/
  specs:
    rice (4.12.0)
    torch-rb (0.25.0)
      rice (>= 4.8)

PLATFORMS
  arm64-darwin-25
  ruby

DEPENDENCIES
  torch-rb

CHECKSUMS
  rice (4.12.0) sha256=672c369ca706ff5be46695537f51e1a3db262c1b789af5b967ef477f25111dfd
  torch-rb (0.25.0) sha256=85aae7eac61965f599740b26930e37eec66027d072e7919ba231cfc704863e0b

BUNDLED WITH
  4.0.10
